
Microsoft Visual Studio Solution File, Format Version 12.00
# Visual Studio Version 17
VisualStudioVersion = 17.6.33829.357
MinimumVisualStudioVersion = 10.0.40219.1
Project("{FAE04EC0-301F-11D3-BF4B-00C04F79EFBC}") = "morra_cinese", "morra_cinese\morra_cinese.csproj", "{082E03AE-3AE5-47C8-8F13-78023D0FF5CC}"
EndProject
Global
	GlobalSection(SolutionConfigurationPlatforms) = preSolution
		Debug|Any CPU = Debug|Any CPU
		Release|Any CPU = Release|Any CPU
	EndGlobalSection
	GlobalSection(ProjectConfigurationPlatforms) = postSolution
		{082E03AE-3AE5-47C8-8F13-78023D0FF5CC}.Debug|Any CPU.ActiveCfg = Debug|Any CPU
		{082E03AE-3AE5-47C8-8F13-78023D0FF5CC}.Debug|Any CPU.Build.0 = Debug|Any CPU
		{082E03AE-3AE5-47C8-8F13-78023D0FF5CC}.Release|Any CPU.ActiveCfg = Release|Any CPU
		{082E03AE-3AE5-47C8-8F13-78023D0FF5CC}.Release|Any CPU.Build.0 = Release|Any CPU
	EndGlobalSection
	GlobalSection(SolutionProperties) = preSolution
		HideSolutionNode = FALSE
	EndGlobalSection
	GlobalSection(ExtensibilityGlobals) = postSolution
		SolutionGuid = {DB06846D-5D50-45EF-B640-D69CB272E8F0}
	EndGlobalSection
EndGlobal
