
Microsoft Visual Studio Solution File, Format Version 12.00
# Visual Studio Version 17
VisualStudioVersion = 17.6.33829.357
MinimumVisualStudioVersion = 10.0.40219.1
Project("{FAE04EC0-301F-11D3-BF4B-00C04F79EFBC}") = "Hangman", "Hangman.csproj", "{6AB42BA5-222D-46E7-B63D-B679A6D19823}"
EndProject
Global
	GlobalSection(SolutionConfigurationPlatforms) = preSolution
		Debug|Any CPU = Debug|Any CPU
		Release|Any CPU = Release|Any CPU
	EndGlobalSection
	GlobalSection(ProjectConfigurationPlatforms) = postSolution
		{6AB42BA5-222D-46E7-B63D-B679A6D19823}.Debug|Any CPU.ActiveCfg = Debug|Any CPU
		{6AB42BA5-222D-46E7-B63D-B679A6D19823}.Debug|Any CPU.Build.0 = Debug|Any CPU
		{6AB42BA5-222D-46E7-B63D-B679A6D19823}.Release|Any CPU.ActiveCfg = Release|Any CPU
		{6AB42BA5-222D-46E7-B63D-B679A6D19823}.Release|Any CPU.Build.0 = Release|Any CPU
	EndGlobalSection
	GlobalSection(SolutionProperties) = preSolution
		HideSolutionNode = FALSE
	EndGlobalSection
	GlobalSection(ExtensibilityGlobals) = postSolution
		SolutionGuid = {0FC2F8D7-ADFC-4616-A3F6-824BB6B612F2}
	EndGlobalSection
EndGlobal
